
Microsoft Visual Studio Solution File, Format Version 12.00
# Visual Studio Version 17
VisualStudioVersion = 17.7.34221.43
MinimumVisualStudioVersion = 10.0.40219.1
Project("{FAE04EC0-301F-11D3-BF4B-00C04F79EFBC}") = "SlaveTradeFix", "SlaveTradeFix.csproj", "{FF22AB47-0646-4DEB-A521-BB5E57479424}"
EndProject
Project("{2150E333-8FDC-42A3-9474-1A3956D46DE8}") = "Solution Items", "Solution Items", "{34A8870A-F634-4D4B-ADBA-78AAE998BACC}"
EndProject
Global
	GlobalSection(SolutionConfigurationPlatforms) = preSolution
		Debug|Any CPU = Debug|Any CPU
		Release|Any CPU = Release|Any CPU
	EndGlobalSection
	GlobalSection(ProjectConfigurationPlatforms) = postSolution
		{FF22AB47-0646-4DEB-A521-BB5E57479424}.Debug|Any CPU.ActiveCfg = Debug|Any CPU
		{FF22AB47-0646-4DEB-A521-BB5E57479424}.Debug|Any CPU.Build.0 = Debug|Any CPU
		{FF22AB47-0646-4DEB-A521-BB5E57479424}.Release|Any CPU.ActiveCfg = Release|Any CPU
		{FF22AB47-0646-4DEB-A521-BB5E57479424}.Release|Any CPU.Build.0 = Release|Any CPU
	EndGlobalSection
	GlobalSection(SolutionProperties) = preSolution
		HideSolutionNode = FALSE
	EndGlobalSection
	GlobalSection(ExtensibilityGlobals) = postSolution
		SolutionGuid = {A6A1A59E-EB72-4393-9667-A51E63D33B20}
	EndGlobalSection
EndGlobal
